
Microsoft Visual Studio Solution File, Format Version 12.00
# Visual Studio Version 16
VisualStudioVersion = 16.0.30011.22
MinimumVisualStudioVersion = 10.0.40219.1
Project("{9A19103F-16F7-4668-BE54-9A1E7A4F7556}") = "QuizASP", "QuizASP\QuizASP.csproj", "{52E214A5-A469-4639-B199-1EB60205A005}"
EndProject
Global
	GlobalSection(SolutionConfigurationPlatforms) = preSolution
		Debug|Any CPU = Debug|Any CPU
		Release|Any CPU = Release|Any CPU
	EndGlobalSection
	GlobalSection(ProjectConfigurationPlatforms) = postSolution
		{52E214A5-A469-4639-B199-1EB60205A005}.Debug|Any CPU.ActiveCfg = Debug|Any CPU
		{52E214A5-A469-4639-B199-1EB60205A005}.Debug|Any CPU.Build.0 = Debug|Any CPU
		{52E214A5-A469-4639-B199-1EB60205A005}.Release|Any CPU.ActiveCfg = Release|Any CPU
		{52E214A5-A469-4639-B199-1EB60205A005}.Release|Any CPU.Build.0 = Release|Any CPU
	EndGlobalSection
	GlobalSection(SolutionProperties) = preSolution
		HideSolutionNode = FALSE
	EndGlobalSection
	GlobalSection(ExtensibilityGlobals) = postSolution
		SolutionGuid = {ABCCA25A-0026-4AEF-A72A-EC64370D76F9}
	EndGlobalSection
EndGlobal
